// !$*UTF8*$!
{
	archiveVersion = 1;
	classes = {
	};
	objectVersion = 50;
	objects = {

/* Begin PBXBuildFile section */
		75A11C7E2246AE78003FD7E9 /* AppDelegate.swift in Sources */ = {isa = PBXBuildFile; fileRef = 75A11C7D2246AE78003FD7E9 /* AppDelegate.swift */; };
		75A11C832246AE79003FD7E9 /* Main.storyboard in Resources */ = {isa = PBXBuildFile; fileRef = 75A11C812246AE79003FD7E9 /* Main.storyboard */; };
		75A11C852246AE79003FD7E9 /* Assets.xcassets in Resources */ = {isa = PBXBuildFile; fileRef = 75A11C842246AE79003FD7E9 /* Assets.xcassets */; };
		75A11C882246AE79003FD7E9 /* LaunchScreen.storyboard in Resources */ = {isa = PBXBuildFile; fileRef = 75A11C862246AE79003FD7E9 /* LaunchScreen.storyboard */; };
		9E9E3A582246B51500C8F320 /* UITableViewController+Style.swift in Sources */ = {isa = PBXBuildFile; fileRef = 9E9E3A572246B51500C8F320 /* UITableViewController+Style.swift */; };
		9E9E3A5A2246B52800C8F320 /* LoginViewController+Style.swift in Sources */ = {isa = PBXBuildFile; fileRef = 9E9E3A592246B52800C8F320 /* LoginViewController+Style.swift */; };
		9E9E3A5C2246B53800C8F320 /* RegisterViewController+Style.swift in Sources */ = {isa = PBXBuildFile; fileRef = 9E9E3A5B2246B53800C8F320 /* RegisterViewController+Style.swift */; };
		9E9E3A5E2246B55C00C8F320 /* LoginViewController.swift in Sources */ = {isa = PBXBuildFile; fileRef = 9E9E3A5D2246B55C00C8F320 /* LoginViewController.swift */; };
		9E9E3A602246B56A00C8F320 /* RegisterViewController.swift in Sources */ = {isa = PBXBuildFile; fileRef = 9E9E3A5F2246B56A00C8F320 /* RegisterViewController.swift */; };
		9E9E3A622246B58200C8F320 /* NewsFeedTableViewController.swift in Sources */ = {isa = PBXBuildFile; fileRef = 9E9E3A612246B58200C8F320 /* NewsFeedTableViewController.swift */; };
		9E9E3A662246B61D00C8F320 /* ChatUINavigationController.swift in Sources */ = {isa = PBXBuildFile; fileRef = 9E9E3A652246B61D00C8F320 /* ChatUINavigationController.swift */; };
		9E9E3A682246B63400C8F320 /* ChatUINavigationViewController+Style.swift in Sources */ = {isa = PBXBuildFile; fileRef = 9E9E3A672246B63400C8F320 /* ChatUINavigationViewController+Style.swift */; };
		A67D23A4C6DBFCD604B62415 /* Pods_Retreat.framework in Frameworks */ = {isa = PBXBuildFile; fileRef = 46B172E331ED16F3902EECBC /* Pods_Retreat.framework */; };
/* End PBXBuildFile section */

/* Begin PBXFileReference section */
		46B172E331ED16F3902EECBC /* Pods_Retreat.framework */ = {isa = PBXFileReference; explicitFileType = wrapper.framework; includeInIndex = 0; path = Pods_Retreat.framework; sourceTree = BUILT_PRODUCTS_DIR; };
		5077E55DB680D146CA0203BC /* Pods-Retreat.release.xcconfig */ = {isa = PBXFileReference; includeInIndex = 1; lastKnownFileType = text.xcconfig; name = "Pods-Retreat.release.xcconfig"; path = "Pods/Target Support Files/Pods-Retreat/Pods-Retreat.release.xcconfig"; sourceTree = "<group>"; };
		75A11C7A2246AE78003FD7E9 /* Retreat.app */ = {isa = PBXFileReference; explicitFileType = wrapper.application; includeInIndex = 0; path = Retreat.app; sourceTree = BUILT_PRODUCTS_DIR; };
		75A11C7D2246AE78003FD7E9 /* AppDelegate.swift */ = {isa = PBXFileReference; lastKnownFileType = sourcecode.swift; path = AppDelegate.swift; sourceTree = "<group>"; };
		75A11C822246AE79003FD7E9 /* Base */ = {isa = PBXFileReference; lastKnownFileType = file.storyboard; name = Base; path = Base.lproj/Main.storyboard; sourceTree = "<group>"; };
		75A11C842246AE79003FD7E9 /* Assets.xcassets */ = {isa = PBXFileReference; lastKnownFileType = folder.assetcatalog; path = Assets.xcassets; sourceTree = "<group>"; };
		75A11C872246AE79003FD7E9 /* Base */ = {isa = PBXFileReference; lastKnownFileType = file.storyboard; name = Base; path = Base.lproj/LaunchScreen.storyboard; sourceTree = "<group>"; };
		75A11C892246AE79003FD7E9 /* Info.plist */ = {isa = PBXFileReference; lastKnownFileType = text.plist.xml; path = Info.plist; sourceTree = "<group>"; };
		9E9E3A572246B51500C8F320 /* UITableViewController+Style.swift */ = {isa = PBXFileReference; lastKnownFileType = sourcecode.swift; path = "UITableViewController+Style.swift"; sourceTree = "<group>"; };
		9E9E3A592246B52800C8F320 /* LoginViewController+Style.swift */ = {isa = PBXFileReference; lastKnownFileType = sourcecode.swift; path = "LoginViewController+Style.swift"; sourceTree = "<group>"; };
		9E9E3A5B2246B53800C8F320 /* RegisterViewController+Style.swift */ = {isa = PBXFileReference; lastKnownFileType = sourcecode.swift; path = "RegisterViewController+Style.swift"; sourceTree = "<group>"; };
		9E9E3A5D2246B55C00C8F320 /* LoginViewController.swift */ = {isa = PBXFileReference; lastKnownFileType = sourcecode.swift; path = LoginViewController.swift; sourceTree = "<group>"; };
		9E9E3A5F2246B56A00C8F320 /* RegisterViewController.swift */ = {isa = PBXFileReference; lastKnownFileType = sourcecode.swift; path = RegisterViewController.swift; sourceTree = "<group>"; };
		9E9E3A612246B58200C8F320 /* NewsFeedTableViewController.swift */ = {isa = PBXFileReference; lastKnownFileType = sourcecode.swift; path = NewsFeedTableViewController.swift; sourceTree = "<group>"; };
		9E9E3A652246B61D00C8F320 /* ChatUINavigationController.swift */ = {isa = PBXFileReference; lastKnownFileType = sourcecode.swift; path = ChatUINavigationController.swift; sourceTree = "<group>"; };
		9E9E3A672246B63400C8F320 /* ChatUINavigationViewController+Style.swift */ = {isa = PBXFileReference; lastKnownFileType = sourcecode.swift; path = "ChatUINavigationViewController+Style.swift"; sourceTree = "<group>"; };
		C3B76EA9E45EC29F718FC2E1 /* Pods-Retreat.debug.xcconfig */ = {isa = PBXFileReference; includeInIndex = 1; lastKnownFileType = text.xcconfig; name = "Pods-Retreat.debug.xcconfig"; path = "Pods/Target Support Files/Pods-Retreat/Pods-Retreat.debug.xcconfig"; sourceTree = "<group>"; };
/* End PBXFileReference section */

/* Begin PBXFrameworksBuildPhase section */
		75A11C772246AE78003FD7E9 /* Frameworks */ = {
			isa = PBXFrameworksBuildPhase;
			buildActionMask = 2147483647;
			files = (
				A67D23A4C6DBFCD604B62415 /* Pods_Retreat.framework in Frameworks */,
			);
			runOnlyForDeploymentPostprocessing = 0;
		};
/* End PBXFrameworksBuildPhase section */

/* Begin PBXGroup section */
		75A11C712246AE78003FD7E9 = {
			isa = PBXGroup;
			children = (
				75A11C7C2246AE78003FD7E9 /* Retreat */,
				75A11C7B2246AE78003FD7E9 /* Products */,
				872A4EAD34FA2AD2F44DE75F /* Pods */,
				C62C05FD37CC9F4405ABFC17 /* Frameworks */,
			);
			sourceTree = "<group>";
		};
		75A11C7B2246AE78003FD7E9 /* Products */ = {
			isa = PBXGroup;
			children = (
				75A11C7A2246AE78003FD7E9 /* Retreat.app */,
			);
			name = Products;
			sourceTree = "<group>";
		};
		75A11C7C2246AE78003FD7E9 /* Retreat */ = {
			isa = PBXGroup;
			children = (
				9E9E3A502246B43A00C8F320 /* Controller */,
				9E9E3A4F2246B43500C8F320 /* View */,
				9E9E3A4E2246B41F00C8F320 /* Model */,
				75A11C7D2246AE78003FD7E9 /* AppDelegate.swift */,
				75A11C812246AE79003FD7E9 /* Main.storyboard */,
				75A11C842246AE79003FD7E9 /* Assets.xcassets */,
				75A11C862246AE79003FD7E9 /* LaunchScreen.storyboard */,
				75A11C892246AE79003FD7E9 /* Info.plist */,
			);
			path = Retreat;
			sourceTree = "<group>";
		};
		872A4EAD34FA2AD2F44DE75F /* Pods */ = {
			isa = PBXGroup;
			children = (
				C3B76EA9E45EC29F718FC2E1 /* Pods-Retreat.debug.xcconfig */,
				5077E55DB680D146CA0203BC /* Pods-Retreat.release.xcconfig */,
			);
			name = Pods;
			sourceTree = "<group>";
		};
		9E9E3A4E2246B41F00C8F320 /* Model */ = {
			isa = PBXGroup;
			children = (
			);
			path = Model;
			sourceTree = "<group>";
		};
		9E9E3A4F2246B43500C8F320 /* View */ = {
			isa = PBXGroup;
			children = (
				9E9E3A572246B51500C8F320 /* UITableViewController+Style.swift */,
				9E9E3A592246B52800C8F320 /* LoginViewController+Style.swift */,
				9E9E3A5B2246B53800C8F320 /* RegisterViewController+Style.swift */,
				9E9E3A672246B63400C8F320 /* ChatUINavigationViewController+Style.swift */,
			);
			path = View;
			sourceTree = "<group>";
		};
		9E9E3A502246B43A00C8F320 /* Controller */ = {
			isa = PBXGroup;
			children = (
				9E9E3A5D2246B55C00C8F320 /* LoginViewController.swift */,
				9E9E3A5F2246B56A00C8F320 /* RegisterViewController.swift */,
				9E9E3A612246B58200C8F320 /* NewsFeedTableViewController.swift */,
				9E9E3A652246B61D00C8F320 /* ChatUINavigationController.swift */,
			);
			path = Controller;
			sourceTree = "<group>";
		};
		C62C05FD37CC9F4405ABFC17 /* Frameworks */ = {
			isa = PBXGroup;
			children = (
				46B172E331ED16F3902EECBC /* Pods_Retreat.framework */,
			);
			name = Frameworks;
			sourceTree = "<group>";
		};
/* End PBXGroup section */

/* Begin PBXNativeTarget section */
		75A11C792246AE78003FD7E9 /* Retreat */ = {
			isa = PBXNativeTarget;
			buildConfigurationList = 75A11C8C2246AE79003FD7E9 /* Build configuration list for PBXNativeTarget "Retreat" */;
			buildPhases = (
				F73B42C37744E7C1033C1E41 /* [CP] Check Pods Manifest.lock */,
				75A11C762246AE78003FD7E9 /* Sources */,
				75A11C772246AE78003FD7E9 /* Frameworks */,
				75A11C782246AE78003FD7E9 /* Resources */,
				58348886422E116B5D7E9B09 /* [CP] Embed Pods Frameworks */,
			);
			buildRules = (
			);
			dependencies = (
			);
			name = Retreat;
			productName = Retreat;
			productReference = 75A11C7A2246AE78003FD7E9 /* Retreat.app */;
			productType = "com.apple.product-type.application";
		};
/* End PBXNativeTarget section */

/* Begin PBXProject section */
		75A11C722246AE78003FD7E9 /* Project object */ = {
			isa = PBXProject;
			attributes = {
				LastSwiftUpdateCheck = 1010;
				LastUpgradeCheck = 1010;
				ORGANIZATIONNAME = "Enrique Florencio";
				TargetAttributes = {
					75A11C792246AE78003FD7E9 = {
						CreatedOnToolsVersion = 10.1;
					};
				};
			};
			buildConfigurationList = 75A11C752246AE78003FD7E9 /* Build configuration list for PBXProject "Retreat" */;
			compatibilityVersion = "Xcode 9.3";
			developmentRegion = en;
			hasScannedForEncodings = 0;
			knownRegions = (
				en,
				Base,
			);
			mainGroup = 75A11C712246AE78003FD7E9;
			productRefGroup = 75A11C7B2246AE78003FD7E9 /* Products */;
			projectDirPath = "";
			projectRoot = "";
			targets = (
				75A11C792246AE78003FD7E9 /* Retreat */,
			);
		};
/* End PBXProject section */

/* Begin PBXResourcesBuildPhase section */
		75A11C782246AE78003FD7E9 /* Resources */ = {
			isa = PBXResourcesBuildPhase;
			buildActionMask = 2147483647;
			files = (
				75A11C882246AE79003FD7E9 /* LaunchScreen.storyboard in Resources */,
				75A11C852246AE79003FD7E9 /* Assets.xcassets in Resources */,
				75A11C832246AE79003FD7E9 /* Main.storyboard in Resources */,
			);
			runOnlyForDeploymentPostprocessing = 0;
		};
/* End PBXResourcesBuildPhase section */

/* Begin PBXShellScriptBuildPhase section */
		58348886422E116B5D7E9B09 /* [CP] Embed Pods Frameworks */ = {
			isa = PBXShellScriptBuildPhase;
			buildActionMask = 2147483647;
			files = (
			);
			inputPaths = (
				"${SRCROOT}/Pods/Target Support Files/Pods-Retreat/Pods-Retreat-frameworks.sh",
				"${BUILT_PRODUCTS_DIR}/ChameleonFramework/ChameleonFramework.framework",
				"${BUILT_PRODUCTS_DIR}/GTMSessionFetcher/GTMSessionFetcher.framework",
				"${BUILT_PRODUCTS_DIR}/GoogleUtilities/GoogleUtilities.framework",
				"${BUILT_PRODUCTS_DIR}/SVProgressHUD/SVProgressHUD.framework",
				"${PODS_ROOT}/TwilioVideo/Build/iOS/TwilioVideo.framework",
				"${BUILT_PRODUCTS_DIR}/leveldb-library/leveldb.framework",
				"${BUILT_PRODUCTS_DIR}/lottie-ios/Lottie.framework",
				"${BUILT_PRODUCTS_DIR}/nanopb/nanopb.framework",
			);
			name = "[CP] Embed Pods Frameworks";
			outputPaths = (
				"${TARGET_BUILD_DIR}/${FRAMEWORKS_FOLDER_PATH}/ChameleonFramework.framework",
				"${TARGET_BUILD_DIR}/${FRAMEWORKS_FOLDER_PATH}/GTMSessionFetcher.framework",
				"${TARGET_BUILD_DIR}/${FRAMEWORKS_FOLDER_PATH}/GoogleUtilities.framework",
				"${TARGET_BUILD_DIR}/${FRAMEWORKS_FOLDER_PATH}/SVProgressHUD.framework",
				"${TARGET_BUILD_DIR}/${FRAMEWORKS_FOLDER_PATH}/TwilioVideo.framework",
				"${TARGET_BUILD_DIR}/${FRAMEWORKS_FOLDER_PATH}/leveldb.framework",
				"${TARGET_BUILD_DIR}/${FRAMEWORKS_FOLDER_PATH}/Lottie.framework",
				"${TARGET_BUILD_DIR}/${FRAMEWORKS_FOLDER_PATH}/nanopb.framework",
			);
			runOnlyForDeploymentPostprocessing = 0;
			shellPath = /bin/sh;
			shellScript = "\"${SRCROOT}/Pods/Target Support Files/Pods-Retreat/Pods-Retreat-frameworks.sh\"\n";
			showEnvVarsInLog = 0;
		};
		F73B42C37744E7C1033C1E41 /* [CP] Check Pods Manifest.lock */ = {
			isa = PBXShellScriptBuildPhase;
			buildActionMask = 2147483647;
			files = (
			);
			inputPaths = (
				"${PODS_PODFILE_DIR_PATH}/Podfile.lock",
				"${PODS_ROOT}/Manifest.lock",
			);
			name = "[CP] Check Pods Manifest.lock";
			outputPaths = (
				"$(DERIVED_FILE_DIR)/Pods-Retreat-checkManifestLockResult.txt",
			);
			runOnlyForDeploymentPostprocessing = 0;
			shellPath = /bin/sh;
			shellScript = "diff \"${PODS_PODFILE_DIR_PATH}/Podfile.lock\" \"${PODS_ROOT}/Manifest.lock\" > /dev/null\nif [ $? != 0 ] ; then\n    # print error to STDERR\n    echo \"error: The sandbox is not in sync with the Podfile.lock. Run 'pod install' or update your CocoaPods installation.\" >&2\n    exit 1\nfi\n# This output is used by Xcode 'outputs' to avoid re-running this script phase.\necho \"SUCCESS\" > \"${SCRIPT_OUTPUT_FILE_0}\"\n";
			showEnvVarsInLog = 0;
		};
/* End PBXShellScriptBuildPhase section */

/* Begin PBXSourcesBuildPhase section */
		75A11C762246AE78003FD7E9 /* Sources */ = {
			isa = PBXSourcesBuildPhase;
			buildActionMask = 2147483647;
			files = (
				9E9E3A5E2246B55C00C8F320 /* LoginViewController.swift in Sources */,
				9E9E3A602246B56A00C8F320 /* RegisterViewController.swift in Sources */,
				9E9E3A662246B61D00C8F320 /* ChatUINavigationController.swift in Sources */,
				9E9E3A622246B58200C8F320 /* NewsFeedTableViewController.swift in Sources */,
				75A11C7E2246AE78003FD7E9 /* AppDelegate.swift in Sources */,
				9E9E3A682246B63400C8F320 /* ChatUINavigationViewController+Style.swift in Sources */,
				9E9E3A5C2246B53800C8F320 /* RegisterViewController+Style.swift in Sources */,
				9E9E3A5A2246B52800C8F320 /* LoginViewController+Style.swift in Sources */,
				9E9E3A582246B51500C8F320 /* UITableViewController+Style.swift in Sources */,
			);
			runOnlyForDeploymentPostprocessing = 0;
		};
/* End PBXSourcesBuildPhase section */

/* Begin PBXVariantGroup section */
		75A11C812246AE79003FD7E9 /* Main.storyboard */ = {
			isa = PBXVariantGroup;
			children = (
				75A11C822246AE79003FD7E9 /* Base */,
			);
			name = Main.storyboard;
			sourceTree = "<group>";
		};
		75A11C862246AE79003FD7E9 /* LaunchScreen.storyboard */ = {
			isa = PBXVariantGroup;
			children = (
				75A11C872246AE79003FD7E9 /* Base */,
			);
			name = LaunchScreen.storyboard;
			sourceTree = "<group>";
		};
/* End PBXVariantGroup section */

/* Begin XCBuildConfiguration section */
		75A11C8A2246AE79003FD7E9 /* Debug */ = {
			isa = XCBuildConfiguration;
			buildSettings = {
				ALWAYS_SEARCH_USER_PATHS = NO;
				CLANG_ANALYZER_NONNULL = YES;
				CLANG_ANALYZER_NUMBER_OBJECT_CONVERSION = YES_AGGRESSIVE;
				CLANG_CXX_LANGUAGE_STANDARD = "gnu++14";
				CLANG_CXX_LIBRARY = "libc++";
				CLANG_ENABLE_MODULES = YES;
				CLANG_ENABLE_OBJC_ARC = YES;
				CLANG_ENABLE_OBJC_WEAK = YES;
				CLANG_WARN_BLOCK_CAPTURE_AUTORELEASING = YES;
				CLANG_WARN_BOOL_CONVERSION = YES;
				CLANG_WARN_COMMA = YES;
				CLANG_WARN_CONSTANT_CONVERSION = YES;
				CLANG_WARN_DEPRECATED_OBJC_IMPLEMENTATIONS = YES;
				CLANG_WARN_DIRECT_OBJC_ISA_USAGE = YES_ERROR;
				CLANG_WARN_DOCUMENTATION_COMMENTS = YES;
				CLANG_WARN_EMPTY_BODY = YES;
				CLANG_WARN_ENUM_CONVERSION = YES;
				CLANG_WARN_INFINITE_RECURSION = YES;
				CLANG_WARN_INT_CONVERSION = YES;
				CLANG_WARN_NON_LITERAL_NULL_CONVERSION = YES;
				CLANG_WARN_OBJC_IMPLICIT_RETAIN_SELF = YES;
				CLANG_WARN_OBJC_LITERAL_CONVERSION = YES;
				CLANG_WARN_OBJC_ROOT_CLASS = YES_ERROR;
				CLANG_WARN_RANGE_LOOP_ANALYSIS = YES;
				CLANG_WARN_STRICT_PROTOTYPES = YES;
				CLANG_WARN_SUSPICIOUS_MOVE = YES;
				CLANG_WARN_UNGUARDED_AVAILABILITY = YES_AGGRESSIVE;
				CLANG_WARN_UNREACHABLE_CODE = YES;
				CLANG_WARN__DUPLICATE_METHOD_MATCH = YES;
				CODE_SIGN_IDENTITY = "iPhone Developer";
				COPY_PHASE_STRIP = NO;
				DEBUG_INFORMATION_FORMAT = dwarf;
				ENABLE_STRICT_OBJC_MSGSEND = YES;
				ENABLE_TESTABILITY = YES;
				GCC_C_LANGUAGE_STANDARD = gnu11;
				GCC_DYNAMIC_NO_PIC = NO;
				GCC_NO_COMMON_BLOCKS = YES;
				GCC_OPTIMIZATION_LEVEL = 0;
				GCC_PREPROCESSOR_DEFINITIONS = (
					"DEBUG=1",
					"$(inherited)",
				);
				GCC_WARN_64_TO_32_BIT_CONVERSION = YES;
				GCC_WARN_ABOUT_RETURN_TYPE = YES_ERROR;
				GCC_WARN_UNDECLARED_SELECTOR = YES;
				GCC_WARN_UNINITIALIZED_AUTOS = YES_AGGRESSIVE;
				GCC_WARN_UNUSED_FUNCTION = YES;
				GCC_WARN_UNUSED_VARIABLE = YES;
				IPHONEOS_DEPLOYMENT_TARGET = 12.1;
				MTL_ENABLE_DEBUG_INFO = INCLUDE_SOURCE;
				MTL_FAST_MATH = YES;
				ONLY_ACTIVE_ARCH = YES;
				SDKROOT = iphoneos;
				SWIFT_ACTIVE_COMPILATION_CONDITIONS = DEBUG;
				SWIFT_OPTIMIZATION_LEVEL = "-Onone";
			};
			name = Debug;
		};
		75A11C8B2246AE79003FD7E9 /* Release */ = {
			isa = XCBuildConfiguration;
			buildSettings = {
				ALWAYS_SEARCH_USER_PATHS = NO;
				CLANG_ANALYZER_NONNULL = YES;
				CLANG_ANALYZER_NUMBER_OBJECT_CONVERSION = YES_AGGRESSIVE;
				CLANG_CXX_LANGUAGE_STANDARD = "gnu++14";
				CLANG_CXX_LIBRARY = "libc++";
				CLANG_ENABLE_MODULES = YES;
				CLANG_ENABLE_OBJC_ARC = YES;
				CLANG_ENABLE_OBJC_WEAK = YES;
				CLANG_WARN_BLOCK_CAPTURE_AUTORELEASING = YES;
				CLANG_WARN_BOOL_CONVERSION = YES;
				CLANG_WARN_COMMA = YES;
				CLANG_WARN_CONSTANT_CONVERSION = YES;
				CLANG_WARN_DEPRECATED_OBJC_IMPLEMENTATIONS = YES;
				CLANG_WARN_DIRECT_OBJC_ISA_USAGE = YES_ERROR;
				CLANG_WARN_DOCUMENTATION_COMMENTS = YES;
				CLANG_WARN_EMPTY_BODY = YES;
				CLANG_WARN_ENUM_CONVERSION = YES;
				CLANG_WARN_INFINITE_RECURSION = YES;
				CLANG_WARN_INT_CONVERSION = YES;
				CLANG_WARN_NON_LITERAL_NULL_CONVERSION = YES;
				CLANG_WARN_OBJC_IMPLICIT_RETAIN_SELF = YES;
				CLANG_WARN_OBJC_LITERAL_CONVERSION = YES;
				CLANG_WARN_OBJC_ROOT_CLASS = YES_ERROR;
				CLANG_WARN_RANGE_LOOP_ANALYSIS = YES;
				CLANG_WARN_STRICT_PROTOTYPES = YES;
				CLANG_WARN_SUSPICIOUS_MOVE = YES;
				CLANG_WARN_UNGUARDED_AVAILABILITY = YES_AGGRESSIVE;
				CLANG_WARN_UNREACHABLE_CODE = YES;
				CLANG_WARN__DUPLICATE_METHOD_MATCH = YES;
				CODE_SIGN_IDENTITY = "iPhone Developer";
				COPY_PHASE_STRIP = NO;
				DEBUG_INFORMATION_FORMAT = "dwarf-with-dsym";
				ENABLE_NS_ASSERTIONS = NO;
				ENABLE_STRICT_OBJC_MSGSEND = YES;
				GCC_C_LANGUAGE_STANDARD = gnu11;
				GCC_NO_COMMON_BLOCKS = YES;
				GCC_WARN_64_TO_32_BIT_CONVERSION = YES;
				GCC_WARN_ABOUT_RETURN_TYPE = YES_ERROR;
				GCC_WARN_UNDECLARED_SELECTOR = YES;
				GCC_WARN_UNINITIALIZED_AUTOS = YES_AGGRESSIVE;
				GCC_WARN_UNUSED_FUNCTION = YES;
				GCC_WARN_UNUSED_VARIABLE = YES;
				IPHONEOS_DEPLOYMENT_TARGET = 12.1;
				MTL_ENABLE_DEBUG_INFO = NO;
				MTL_FAST_MATH = YES;
				SDKROOT = iphoneos;
				SWIFT_COMPILATION_MODE = wholemodule;
				SWIFT_OPTIMIZATION_LEVEL = "-O";
				VALIDATE_PRODUCT = YES;
			};
			name = Release;
		};
		75A11C8D2246AE79003FD7E9 /* Debug */ = {
			isa = XCBuildConfiguration;
			baseConfigurationReference = C3B76EA9E45EC29F718FC2E1 /* Pods-Retreat.debug.xcconfig */;
			buildSettings = {
				ASSETCATALOG_COMPILER_APPICON_NAME = AppIcon;
				CODE_SIGN_STYLE = Automatic;
				DEVELOPMENT_TEAM = 48ZHJ48H3S;
				INFOPLIST_FILE = Retreat/Info.plist;
				LD_RUNPATH_SEARCH_PATHS = (
					"$(inherited)",
					"@executable_path/Frameworks",
				);
				PRODUCT_BUNDLE_IDENTIFIER = com.BizetRodriguez.Retreat;
				PRODUCT_NAME = "$(TARGET_NAME)";
				SWIFT_VERSION = 4.2;
				TARGETED_DEVICE_FAMILY = "1,2";
			};
			name = Debug;
		};
		75A11C8E2246AE79003FD7E9 /* Release */ = {
			isa = XCBuildConfiguration;
			baseConfigurationReference = 5077E55DB680D146CA0203BC /* Pods-Retreat.release.xcconfig */;
			buildSettings = {
				ASSETCATALOG_COMPILER_APPICON_NAME = AppIcon;
				CODE_SIGN_STYLE = Automatic;
				DEVELOPMENT_TEAM = 48ZHJ48H3S;
				INFOPLIST_FILE = Retreat/Info.plist;
				LD_RUNPATH_SEARCH_PATHS = (
					"$(inherited)",
					"@executable_path/Frameworks",
				);
				PRODUCT_BUNDLE_IDENTIFIER = com.BizetRodriguez.Retreat;
				PRODUCT_NAME = "$(TARGET_NAME)";
				SWIFT_VERSION = 4.2;
				TARGETED_DEVICE_FAMILY = "1,2";
			};
			name = Release;
		};
/* End XCBuildConfiguration section */

/* Begin XCConfigurationList section */
		75A11C752246AE78003FD7E9 /* Build configuration list for PBXProject "Retreat" */ = {
			isa = XCConfigurationList;
			buildConfigurations = (
				75A11C8A2246AE79003FD7E9 /* Debug */,
				75A11C8B2246AE79003FD7E9 /* Release */,
			);
			defaultConfigurationIsVisible = 0;
			defaultConfigurationName = Release;
		};
		75A11C8C2246AE79003FD7E9 /* Build configuration list for PBXNativeTarget "Retreat" */ = {
			isa = XCConfigurationList;
			buildConfigurations = (
				75A11C8D2246AE79003FD7E9 /* Debug */,
				75A11C8E2246AE79003FD7E9 /* Release */,
			);
			defaultConfigurationIsVisible = 0;
			defaultConfigurationName = Release;
		};
/* End XCConfigurationList section */
	};
	rootObject = 75A11C722246AE78003FD7E9 /* Project object */;
}
